{
  "name": "scryptex",
  "version": "0.0.1s7",
  "lockfileVersion": 2,
  "requires": true,
  "packages": {
    "": {
      "name": "scryptex",
      "version": "0.0.1s7",
      "license": "ISC",
      "dependencies": {
        "@types/crypto-js": "^4.1.2",
        "asn1": "^0.2.6",
        "bcryptjs": "^2.4.3",
        "bigint-conversion": "^2.4.2",
        "cryptico": "^1.0.2",
        "crypto-js": "^4.1.1",
        "randomstring": "^1.3.0"
      }
    },
    "node_modules/@juanelas/base64": {
      "version": "1.1.2",
      "resolved": "https://registry.npmjs.org/@juanelas/base64/-/base64-1.1.2.tgz",
      "integrity": "sha512-mr2pfRQpWap0Uq4tlrCgp3W+Yjx1/Bpq4QJsYeAQUh1mExgyQvXz7xUhmYT2HcLLspuAL5dpnos8P2QhaCSXsQ=="
    },
    "node_modules/@types/crypto-js": {
      "version": "4.1.2",
      "resolved": "https://registry.npmjs.org/@types/crypto-js/-/crypto-js-4.1.2.tgz",
      "integrity": "sha512-t33RNmTu5ufG/sorROIafiCVJMx3jz95bXUMoPAZcUD14fxMXnuTzqzXZoxpR0tNx2xpw11Dlmem9vGCsrSOfA=="
    },
    "node_modules/asn1": {
      "version": "0.2.6",
      "resolved": "https://registry.npmjs.org/asn1/-/asn1-0.2.6.tgz",
      "integrity": "sha512-ix/FxPn0MDjeyJ7i/yoHGFt/EX6LyNbxSEhPPXODPL+KB0VPk86UYfL0lMdy+KCnv+fmvIzySwaK5COwqVbWTQ==",
      "dependencies": {
        "safer-buffer": "~2.1.0"
      }
    },
    "node_modules/bcryptjs": {
      "version": "2.4.3",
      "resolved": "https://registry.npmjs.org/bcryptjs/-/bcryptjs-2.4.3.tgz",
      "integrity": "sha512-V/Hy/X9Vt7f3BbPJEi8BdVFMByHi+jNXrYkW3huaybV/kQ0KJg0Y6PkEMbn+zeT+i+SiKZ/HMqJGIIt4LZDqNQ=="
    },
    "node_modules/bigint-conversion": {
      "version": "2.4.2",
      "resolved": "https://registry.npmjs.org/bigint-conversion/-/bigint-conversion-2.4.2.tgz",
      "integrity": "sha512-2s3aRYaQtYGqY1w6x2PQqYbHUjktOWX0S0dkv7c+FjRnkKspictZ4IaEKmGEtZJjT2ccR29ufPB7QPEDfSs4bg==",
      "dependencies": {
        "@juanelas/base64": "^1.1.2"
      }
    },
    "node_modules/cryptico": {
      "version": "1.0.2",
      "resolved": "https://registry.npmjs.org/cryptico/-/cryptico-1.0.2.tgz",
      "integrity": "sha512-uRFapD3lQBUmZHLugTT8JLHF8Dst/BQMYH9mVnNjdwJTVz5TyLwP9kkGj0sDbKvHVoffhN/IYENO1mYwV9pRqg=="
    },
    "node_modules/crypto-js": {
      "version": "4.1.1",
      "resolved": "https://registry.npmjs.org/crypto-js/-/crypto-js-4.1.1.tgz",
      "integrity": "sha512-o2JlM7ydqd3Qk9CA0L4NL6mTzU2sdx96a+oOfPu8Mkl/PK51vSyoi8/rQ8NknZtk44vq15lmhAj9CIAGwgeWKw=="
    },
    "node_modules/randombytes": {
      "version": "2.0.3",
      "resolved": "https://registry.npmjs.org/randombytes/-/randombytes-2.0.3.tgz",
      "integrity": "sha512-lDVjxQQFoCG1jcrP06LNo2lbWp4QTShEXnhActFBwYuHprllQV6VUpwreApsYqCgD+N1mHoqJ/BI/4eV4R2GYg=="
    },
    "node_modules/randomstring": {
      "version": "1.3.0",
      "resolved": "https://registry.npmjs.org/randomstring/-/randomstring-1.3.0.tgz",
      "integrity": "sha512-gY7aQ4i1BgwZ8I1Op4YseITAyiDiajeZOPQUbIq9TPGPhUm5FX59izIaOpmKbME1nmnEiABf28d9K2VSii6BBg==",
      "dependencies": {
        "randombytes": "2.0.3"
      },
      "bin": {
        "randomstring": "bin/randomstring"
      },
      "engines": {
        "node": "*"
      }
    },
    "node_modules/safer-buffer": {
      "version": "2.1.2",
      "resolved": "https://registry.npmjs.org/safer-buffer/-/safer-buffer-2.1.2.tgz",
      "integrity": "sha512-YZo3K82SD7Riyi0E1EQPojLz7kpepnSQI9IyPbHHg1XXXevb5dJI7tpyN2ADxGcQbHG7vcyRHk0cbwqcQriUtg=="
    }
  },
  "dependencies": {
    "@juanelas/base64": {
      "version": "1.1.2",
      "resolved": "https://registry.npmjs.org/@juanelas/base64/-/base64-1.1.2.tgz",
      "integrity": "sha512-mr2pfRQpWap0Uq4tlrCgp3W+Yjx1/Bpq4QJsYeAQUh1mExgyQvXz7xUhmYT2HcLLspuAL5dpnos8P2QhaCSXsQ=="
    },
    "@types/crypto-js": {
      "version": "4.1.2",
      "resolved": "https://registry.npmjs.org/@types/crypto-js/-/crypto-js-4.1.2.tgz",
      "integrity": "sha512-t33RNmTu5ufG/sorROIafiCVJMx3jz95bXUMoPAZcUD14fxMXnuTzqzXZoxpR0tNx2xpw11Dlmem9vGCsrSOfA=="
    },
    "asn1": {
      "version": "0.2.6",
      "resolved": "https://registry.npmjs.org/asn1/-/asn1-0.2.6.tgz",
      "integrity": "sha512-ix/FxPn0MDjeyJ7i/yoHGFt/EX6LyNbxSEhPPXODPL+KB0VPk86UYfL0lMdy+KCnv+fmvIzySwaK5COwqVbWTQ==",
      "requires": {
        "safer-buffer": "~2.1.0"
      }
    },
    "bcryptjs": {
      "version": "2.4.3",
      "resolved": "https://registry.npmjs.org/bcryptjs/-/bcryptjs-2.4.3.tgz",
      "integrity": "sha512-V/Hy/X9Vt7f3BbPJEi8BdVFMByHi+jNXrYkW3huaybV/kQ0KJg0Y6PkEMbn+zeT+i+SiKZ/HMqJGIIt4LZDqNQ=="
    },
    "bigint-conversion": {
      "version": "2.4.2",
      "resolved": "https://registry.npmjs.org/bigint-conversion/-/bigint-conversion-2.4.2.tgz",
      "integrity": "sha512-2s3aRYaQtYGqY1w6x2PQqYbHUjktOWX0S0dkv7c+FjRnkKspictZ4IaEKmGEtZJjT2ccR29ufPB7QPEDfSs4bg==",
      "requires": {
        "@juanelas/base64": "^1.1.2"
      }
    },
    "cryptico": {
      "version": "1.0.2",
      "resolved": "https://registry.npmjs.org/cryptico/-/cryptico-1.0.2.tgz",
      "integrity": "sha512-uRFapD3lQBUmZHLugTT8JLHF8Dst/BQMYH9mVnNjdwJTVz5TyLwP9kkGj0sDbKvHVoffhN/IYENO1mYwV9pRqg=="
    },
    "crypto-js": {
      "version": "4.1.1",
      "resolved": "https://registry.npmjs.org/crypto-js/-/crypto-js-4.1.1.tgz",
      "integrity": "sha512-o2JlM7ydqd3Qk9CA0L4NL6mTzU2sdx96a+oOfPu8Mkl/PK51vSyoi8/rQ8NknZtk44vq15lmhAj9CIAGwgeWKw=="
    },
    "randombytes": {
      "version": "2.0.3",
      "resolved": "https://registry.npmjs.org/randombytes/-/randombytes-2.0.3.tgz",
      "integrity": "sha512-lDVjxQQFoCG1jcrP06LNo2lbWp4QTShEXnhActFBwYuHprllQV6VUpwreApsYqCgD+N1mHoqJ/BI/4eV4R2GYg=="
    },
    "randomstring": {
      "version": "1.3.0",
      "resolved": "https://registry.npmjs.org/randomstring/-/randomstring-1.3.0.tgz",
      "integrity": "sha512-gY7aQ4i1BgwZ8I1Op4YseITAyiDiajeZOPQUbIq9TPGPhUm5FX59izIaOpmKbME1nmnEiABf28d9K2VSii6BBg==",
      "requires": {
        "randombytes": "2.0.3"
      }
    },
    "safer-buffer": {
      "version": "2.1.2",
      "resolved": "https://registry.npmjs.org/safer-buffer/-/safer-buffer-2.1.2.tgz",
      "integrity": "sha512-YZo3K82SD7Riyi0E1EQPojLz7kpepnSQI9IyPbHHg1XXXevb5dJI7tpyN2ADxGcQbHG7vcyRHk0cbwqcQriUtg=="
    }
  }
}
