{
  "name": "scryptex",
  "version": "0.0.1s5",
  "lockfileVersion": 2,
  "requires": true,
  "packages": {
    "": {
      "name": "scryptex",
      "version": "0.0.1s5",
      "license": "ISC",
      "dependencies": {
        "asn1": "^0.2.6",
        "bcryptjs": "^2.4.3",
        "bigint-conversion": "^2.4.2",
        "cryptico": "^1.0.2"
      }
    },
    "node_modules/@juanelas/base64": {
      "version": "1.1.2",
      "resolved": "https://registry.npmjs.org/@juanelas/base64/-/base64-1.1.2.tgz",
      "integrity": "sha512-mr2pfRQpWap0Uq4tlrCgp3W+Yjx1/Bpq4QJsYeAQUh1mExgyQvXz7xUhmYT2HcLLspuAL5dpnos8P2QhaCSXsQ=="
    },
    "node_modules/asn1": {
      "version": "0.2.6",
      "resolved": "https://registry.npmjs.org/asn1/-/asn1-0.2.6.tgz",
      "integrity": "sha512-ix/FxPn0MDjeyJ7i/yoHGFt/EX6LyNbxSEhPPXODPL+KB0VPk86UYfL0lMdy+KCnv+fmvIzySwaK5COwqVbWTQ==",
      "dependencies": {
        "safer-buffer": "~2.1.0"
      }
    },
    "node_modules/bcryptjs": {
      "version": "2.4.3",
      "resolved": "https://registry.npmjs.org/bcryptjs/-/bcryptjs-2.4.3.tgz",
      "integrity": "sha512-V/Hy/X9Vt7f3BbPJEi8BdVFMByHi+jNXrYkW3huaybV/kQ0KJg0Y6PkEMbn+zeT+i+SiKZ/HMqJGIIt4LZDqNQ=="
    },
    "node_modules/bigint-conversion": {
      "version": "2.4.2",
      "resolved": "https://registry.npmjs.org/bigint-conversion/-/bigint-conversion-2.4.2.tgz",
      "integrity": "sha512-2s3aRYaQtYGqY1w6x2PQqYbHUjktOWX0S0dkv7c+FjRnkKspictZ4IaEKmGEtZJjT2ccR29ufPB7QPEDfSs4bg==",
      "dependencies": {
        "@juanelas/base64": "^1.1.2"
      }
    },
    "node_modules/cryptico": {
      "version": "1.0.2",
      "resolved": "https://registry.npmjs.org/cryptico/-/cryptico-1.0.2.tgz",
      "integrity": "sha512-uRFapD3lQBUmZHLugTT8JLHF8Dst/BQMYH9mVnNjdwJTVz5TyLwP9kkGj0sDbKvHVoffhN/IYENO1mYwV9pRqg=="
    },
    "node_modules/safer-buffer": {
      "version": "2.1.2",
      "resolved": "https://registry.npmjs.org/safer-buffer/-/safer-buffer-2.1.2.tgz",
      "integrity": "sha512-YZo3K82SD7Riyi0E1EQPojLz7kpepnSQI9IyPbHHg1XXXevb5dJI7tpyN2ADxGcQbHG7vcyRHk0cbwqcQriUtg=="
    }
  },
  "dependencies": {
    "@juanelas/base64": {
      "version": "1.1.2",
      "resolved": "https://registry.npmjs.org/@juanelas/base64/-/base64-1.1.2.tgz",
      "integrity": "sha512-mr2pfRQpWap0Uq4tlrCgp3W+Yjx1/Bpq4QJsYeAQUh1mExgyQvXz7xUhmYT2HcLLspuAL5dpnos8P2QhaCSXsQ=="
    },
    "asn1": {
      "version": "0.2.6",
      "resolved": "https://registry.npmjs.org/asn1/-/asn1-0.2.6.tgz",
      "integrity": "sha512-ix/FxPn0MDjeyJ7i/yoHGFt/EX6LyNbxSEhPPXODPL+KB0VPk86UYfL0lMdy+KCnv+fmvIzySwaK5COwqVbWTQ==",
      "requires": {
        "safer-buffer": "~2.1.0"
      }
    },
    "bcryptjs": {
      "version": "2.4.3",
      "resolved": "https://registry.npmjs.org/bcryptjs/-/bcryptjs-2.4.3.tgz",
      "integrity": "sha512-V/Hy/X9Vt7f3BbPJEi8BdVFMByHi+jNXrYkW3huaybV/kQ0KJg0Y6PkEMbn+zeT+i+SiKZ/HMqJGIIt4LZDqNQ=="
    },
    "bigint-conversion": {
      "version": "2.4.2",
      "resolved": "https://registry.npmjs.org/bigint-conversion/-/bigint-conversion-2.4.2.tgz",
      "integrity": "sha512-2s3aRYaQtYGqY1w6x2PQqYbHUjktOWX0S0dkv7c+FjRnkKspictZ4IaEKmGEtZJjT2ccR29ufPB7QPEDfSs4bg==",
      "requires": {
        "@juanelas/base64": "^1.1.2"
      }
    },
    "cryptico": {
      "version": "1.0.2",
      "resolved": "https://registry.npmjs.org/cryptico/-/cryptico-1.0.2.tgz",
      "integrity": "sha512-uRFapD3lQBUmZHLugTT8JLHF8Dst/BQMYH9mVnNjdwJTVz5TyLwP9kkGj0sDbKvHVoffhN/IYENO1mYwV9pRqg=="
    },
    "safer-buffer": {
      "version": "2.1.2",
      "resolved": "https://registry.npmjs.org/safer-buffer/-/safer-buffer-2.1.2.tgz",
      "integrity": "sha512-YZo3K82SD7Riyi0E1EQPojLz7kpepnSQI9IyPbHHg1XXXevb5dJI7tpyN2ADxGcQbHG7vcyRHk0cbwqcQriUtg=="
    }
  }
}
